{
  "version": 4,
  "terraform_version": "1.9.0",
  "serial": 8,
  "lineage": "4b599219-bb05-55ee-deca-1bbdb46fab75",
  "outputs": {},
  "resources": [
    {
      "mode": "data",
      "type": "google_billing_account",
      "name": "my_billing_account",
      "provider": "provider[\"registry.terraform.io/hashicorp/google\"]",
      "instances": [
        {
          "schema_version": 0,
          "attributes": {
            "billing_account": "billingAccounts/01A310-0B761D-B232EB",
            "display_name": "請求先アカウント",
            "id": "01A310-0B761D-B232EB",
            "lookup_projects": true,
            "name": "billingAccounts/01A310-0B761D-B232EB",
            "open": true,
            "project_ids": [
              "silent-region-412712"
            ]
          },
          "sensitive_attributes": []
        }
      ]
    },
    {
      "mode": "data",
      "type": "google_client_config",
      "name": "self",
      "provider": "provider[\"registry.terraform.io/hashicorp/google\"]",
      "instances": [
        {
          "schema_version": 0,
          "attributes": {
            "access_token": "ya29.a0AXooCgvb5qnF1IQS3DvrvvMIwrGeqpvB5rE1rX1IJsnJMbCmLymkOIiQ9E2ERHVIy_QjHmnx-XZNJsm8KVG9YRNSHyM0MMEXd9uGyk_QR0gxFBb6jF9TLSU-Qrauf9V-8h5H86mc9frgTCWfa_VjOBdhV8kIaXDmKEzsEgaCgYKAYASARMSFQHGX2Mi6lwNnPty7wHOygXr8xBR6Q0173",
            "id": "projects/\"silent-region-412712\"/regions/\"asia-northeast1\"/zones/\u003cnull\u003e",
            "project": "silent-region-412712",
            "region": "asia-northeast1",
            "zone": null
          },
          "sensitive_attributes": [
            [
              {
                "type": "get_attr",
                "value": "access_token"
              }
            ]
          ]
        }
      ]
    },
    {
      "mode": "managed",
      "type": "google_storage_bucket",
      "name": "tf_state",
      "provider": "provider[\"registry.terraform.io/hashicorp/google\"]",
      "instances": [
        {
          "schema_version": 1,
          "attributes": {
            "autoclass": [],
            "cors": [],
            "custom_placement_config": [],
            "default_event_based_hold": false,
            "effective_labels": {},
            "enable_object_retention": false,
            "encryption": [],
            "force_destroy": true,
            "id": "terraform-state-silent-region-412712",
            "labels": {},
            "lifecycle_rule": [],
            "location": "ASIA-NORTHEAST1",
            "logging": [],
            "name": "terraform-state-silent-region-412712",
            "project": "silent-region-412712",
            "project_number": 744558415342,
            "public_access_prevention": "enforced",
            "requester_pays": false,
            "retention_policy": [],
            "rpo": null,
            "self_link": "https://www.googleapis.com/storage/v1/b/terraform-state-silent-region-412712",
            "soft_delete_policy": [
              {
                "effective_time": "2024-07-06T05:14:42.201Z",
                "retention_duration_seconds": 604800
              }
            ],
            "storage_class": "STANDARD",
            "terraform_labels": {},
            "timeouts": null,
            "uniform_bucket_level_access": true,
            "url": "gs://terraform-state-silent-region-412712",
            "versioning": [],
            "website": []
          },
          "sensitive_attributes": [],
          "private": "eyJlMmJmYjczMC1lY2FhLTExZTYtOGY4OC0zNDM2M2JjN2M0YzAiOnsiY3JlYXRlIjo2MDAwMDAwMDAwMDAsInJlYWQiOjI0MDAwMDAwMDAwMCwidXBkYXRlIjoyNDAwMDAwMDAwMDB9LCJzY2hlbWFfdmVyc2lvbiI6IjEifQ=="
        }
      ]
    }
  ],
  "check_results": null
}
